github.com/KonishchevDmitry/go-rss v0.0.0-20170617091005-cf1fe9a72c9e h1:kLyG/qGxk3WvbKcgH0Cs5H8nw+hBjg/hncKVs9CdTCA=
github.com/KonishchevDmitry/go-rss v0.0.0-20170617091005-cf1fe9a72c9e/go.mod h1:AALL8lh0Y2L+GS0qTnmExagds0YKbWa7ZzllFY8OCgA=
github.com/KonishchevDmitry/rsspipes v0.0.0-20180804154338-fea73d718c32 h1:Gg9ajC6eX3S+GrVN9ngYY927rvFMAG9yLdUwXrbUFRY=
github.com/KonishchevDmitry/rsspipes v0.0.0-20180804154338-fea73d718c32/go.mod h1:wDCfZLSSc/Y94zeIe2tCAPgAusYlUXZfzXkhwJoVBdg=
github.com/PuerkitoBio/goquery v1.1.1-0.20170324135448-ed7d758e9a34 h1:lpo0VPbjV9rVfywk7ssqpcOud2L3LVEoLx63tRyiAdo=
github.com/PuerkitoBio/goquery v1.1.1-0.20170324135448-ed7d758e9a34/go.mod h1:T9ezsOHcCrDCgA8aF1Cqr3sSYbO/xgdy8/R/XiIMAhA=
github.com/andybalholm/cascadia v0.0.0-20161224141413-349dd0209470 h1:4jHLmof+Hba81591gfH5xYA8QXzuvgksxwPNrmjR2BA=
github.com/andybalholm/cascadia v0.0.0-20161224141413-349dd0209470/go.mod h1:3I+3V7B6gTBYfdpYgIG2ymALS9H+5VDKUl3lHH7ToM4=
github.com/mattn/go-sqlite3 v1.2.1-0.20170407154627-cf7286f069c3 h1:e5KQ62MmaYQ0RqL4So5ssEDgNuVoXed4lfuhLBxsVWI=
github.com/mattn/go-sqlite3 v1.2.1-0.20170407154627-cf7286f069c3/go.mod h1:FPy6KqzDD04eiIsT53CuJW3U88zkxoIYsOqkbpncsNc=
github.com/op/go-logging v0.0.0-20160315200505-970db520ece7 h1:lDH9UUVJtmYCjyT0CI4q8xvlXPxeZ0gYCVvWbmPlp88=
github.com/op/go-logging v0.0.0-20160315200505-970db520ece7/go.mod h1:HzydrMdWErDVzsI23lYNej1Htcns9BCg93Dk0bBINWk=
golang.org/x/net v0.0.0-20170503120255-feeb485667d1 h1:ED1ux2Gd2RrNOJ0GyENgOJEhK1yAo6Xx/+CNrzZlcig=
golang.org/x/net v0.0.0-20170503120255-feeb485667d1/go.mod h1:mL1N/T3taQHkDXs73rZJwtUhF3w3ftmwwsq0BUmARs4=
golang.org/x/text v0.0.0-20170427093521-470f45bf29f4 h1:8fwxlIjs7C5MgPSVG+/5qOMnAnwSJ77RAfeJH2Wb7q0=
golang.org/x/text v0.0.0-20170427093521-470f45bf29f4/go.mod h1:NqM8EUOU14njkJ3fqMW+pc6Ldnwhi/IjpwHt7yyuwOQ=
